{
  "version": 4,
  "terraform_version": "1.15.7",
  "serial": 6,
  "lineage": "a7ab6fe8-2e62-0b25-2a14-b1e46a0b284a",
  "outputs": {},
  "resources": [
    {
      "mode": "managed",
      "type": "aws_iam_policy",
      "name": "dev_policy",
      "provider": "provider[\"registry.terraform.io/hashicorp/aws\"]",
      "instances": [
        {
          "schema_version": 0,
          "attributes": {
            "arn": "arn:aws:iam::048333961515:policy/Dangerous_Wildcard_Policy",
            "attachment_count": 0,
            "delay_after_policy_creation_in_ms": null,
            "description": "Remediated developer policy scoped to finance data access",
            "id": "arn:aws:iam::048333961515:policy/Dangerous_Wildcard_Policy",
            "name": "Dangerous_Wildcard_Policy",
            "name_prefix": "",
            "path": "/",
            "policy": "{\"Statement\":[{\"Action\":[\"s3:GetObject\",\"s3:ListBucket\"],\"Effect\":\"Allow\",\"Resource\":[\"arn:aws:s3:::tkh-finance-data-secured-bucket-2d00e328\",\"arn:aws:s3:::tkh-finance-data-secured-bucket-2d00e328/*\"]}],\"Version\":\"2012-10-17\"}",
            "policy_id": "ANPAQWQHNXEVTMBEYAPG3",
            "tags": null,
            "tags_all": {}
          },
          "sensitive_attributes": [],
          "identity_schema_version": 0,
          "identity": {
            "arn": "arn:aws:iam::048333961515:policy/Dangerous_Wildcard_Policy"
          },
          "private": "bnVsbA==",
          "dependencies": [
            "aws_s3_bucket.finance_data",
            "random_id.bucket_suffix"
          ]
        }
      ]
    },
    {
      "mode": "managed",
      "type": "aws_iam_user",
      "name": "dave",
      "provider": "provider[\"registry.terraform.io/hashicorp/aws\"]",
      "instances": [
        {
          "schema_version": 0,
          "attributes": {
            "arn": "arn:aws:iam::048333961515:user/Dave_The_Dev",
            "force_destroy": false,
            "id": "Dave_The_Dev",
            "name": "Dave_The_Dev",
            "path": "/",
            "permissions_boundary": "",
            "tags": null,
            "tags_all": {},
            "unique_id": "AIDAQWQHNXEV67AQXGT56"
          },
          "sensitive_attributes": [],
          "identity_schema_version": 0,
          "identity": {
            "account_id": "048333961515",
            "name": "Dave_The_Dev"
          },
          "private": "bnVsbA=="
        }
      ]
    },
    {
      "mode": "managed",
      "type": "aws_iam_user_policy_attachment",
      "name": "dave_attachment",
      "provider": "provider[\"registry.terraform.io/hashicorp/aws\"]",
      "instances": [
        {
          "schema_version": 0,
          "attributes": {
            "id": "Dave_The_Dev/arn:aws:iam::048333961515:policy/Dangerous_Wildcard_Policy",
            "policy_arn": "arn:aws:iam::048333961515:policy/Dangerous_Wildcard_Policy",
            "user": "Dave_The_Dev"
          },
          "sensitive_attributes": [],
          "identity_schema_version": 0,
          "identity": {
            "account_id": "048333961515",
            "policy_arn": "arn:aws:iam::048333961515:policy/Dangerous_Wildcard_Policy",
            "user": "Dave_The_Dev"
          },
          "private": "bnVsbA==",
          "dependencies": [
            "aws_iam_policy.dev_policy",
            "aws_iam_user.dave",
            "aws_s3_bucket.finance_data",
            "random_id.bucket_suffix"
          ]
        }
      ]
    },
    {
      "mode": "managed",
      "type": "aws_s3_bucket",
      "name": "finance_data",
      "provider": "provider[\"registry.terraform.io/hashicorp/aws\"]",
      "instances": [
        {
          "schema_version": 0,
          "attributes": {
            "acceleration_status": "",
            "acl": null,
            "arn": "arn:aws:s3:::tkh-finance-data-secured-bucket-2d00e328",
            "bucket": "tkh-finance-data-secured-bucket-2d00e328",
            "bucket_domain_name": "tkh-finance-data-secured-bucket-2d00e328.s3.amazonaws.com",
            "bucket_namespace": "global",
            "bucket_prefix": "",
            "bucket_region": "us-east-1",
            "bucket_regional_domain_name": "tkh-finance-data-secured-bucket-2d00e328.s3.us-east-1.amazonaws.com",
            "cors_rule": [],
            "force_destroy": true,
            "grant": [
              {
                "id": "1e511b95026d1e35c1c659dca98cd0486960120a6e5a9a1e76409e5284abb5d7",
                "permissions": [
                  "FULL_CONTROL"
                ],
                "type": "CanonicalUser",
                "uri": ""
              }
            ],
            "hosted_zone_id": "Z3AQBSTGFYJSTF",
            "id": "tkh-finance-data-secured-bucket-2d00e328",
            "lifecycle_rule": [],
            "logging": [],
            "object_lock_configuration": [],
            "object_lock_enabled": false,
            "policy": "",
            "region": "us-east-1",
            "replication_configuration": [],
            "request_payer": "BucketOwner",
            "server_side_encryption_configuration": [
              {
                "rule": [
                  {
                    "apply_server_side_encryption_by_default": [
                      {
                        "kms_master_key_id": "",
                        "sse_algorithm": "AES256"
                      }
                    ],
                    "bucket_key_enabled": false
                  }
                ]
              }
            ],
            "tags": null,
            "tags_all": {},
            "timeouts": null,
            "versioning": [
              {
                "enabled": false,
                "mfa_delete": false
              }
            ],
            "website": [],
            "website_domain": null,
            "website_endpoint": null
          },
          "sensitive_attributes": [],
          "identity_schema_version": 0,
          "identity": {
            "account_id": "048333961515",
            "bucket": "tkh-finance-data-secured-bucket-2d00e328",
            "region": "us-east-1"
          },
          "private": "eyJlMmJmYjczMC1lY2FhLTExZTYtOGY4OC0zNDM2M2JjN2M0YzAiOnsiY3JlYXRlIjoxMjAwMDAwMDAwMDAwLCJkZWxldGUiOjM2MDAwMDAwMDAwMDAsInJlYWQiOjEyMDAwMDAwMDAwMDAsInVwZGF0ZSI6MTIwMDAwMDAwMDAwMH19",
          "dependencies": [
            "random_id.bucket_suffix"
          ]
        }
      ]
    },
    {
      "mode": "managed",
      "type": "random_id",
      "name": "bucket_suffix",
      "provider": "provider[\"registry.terraform.io/hashicorp/random\"]",
      "instances": [
        {
          "schema_version": 0,
          "attributes": {
            "b64_std": "LQDjKA==",
            "b64_url": "LQDjKA",
            "byte_length": 4,
            "dec": "755032872",
            "hex": "2d00e328",
            "id": "LQDjKA",
            "keepers": null,
            "prefix": null
          },
          "sensitive_attributes": [],
          "identity_schema_version": 0
        }
      ]
    }
  ],
  "check_results": null
}
